
Microsoft Visual Studio Solution File, Format Version 12.00
# Visual Studio Version 17
VisualStudioVersion = 17.11.35222.181
MinimumVisualStudioVersion = 10.0.40219.1
Project("{FAE04EC0-301F-11D3-BF4B-00C04F79EFBC}") = "DSCharacterCreator", "DSCharacterCreator\DSCharacterCreator.csproj", "{36DF2FBD-8F27-4275-AA9F-50FE61D5234A}"
EndProject
Global
	GlobalSection(SolutionConfigurationPlatforms) = preSolution
		Debug|Any CPU = Debug|Any CPU
		Release|Any CPU = Release|Any CPU
	EndGlobalSection
	GlobalSection(ProjectConfigurationPlatforms) = postSolution
		{36DF2FBD-8F27-4275-AA9F-50FE61D5234A}.Debug|Any CPU.ActiveCfg = Debug|Any CPU
		{36DF2FBD-8F27-4275-AA9F-50FE61D5234A}.Debug|Any CPU.Build.0 = Debug|Any CPU
		{36DF2FBD-8F27-4275-AA9F-50FE61D5234A}.Release|Any CPU.ActiveCfg = Release|Any CPU
		{36DF2FBD-8F27-4275-AA9F-50FE61D5234A}.Release|Any CPU.Build.0 = Release|Any CPU
	EndGlobalSection
	GlobalSection(SolutionProperties) = preSolution
		HideSolutionNode = FALSE
	EndGlobalSection
	GlobalSection(ExtensibilityGlobals) = postSolution
		SolutionGuid = {39BB2618-B4D4-4DD1-B39D-870263E8D73A}
	EndGlobalSection
EndGlobal
